// !$*UTF8*$!
{
	archiveVersion = 1;
	classes = {
	};
	objectVersion = 50;
	objects = {

/* Begin PBXBuildFile section */
		C574FE632631BE9400AA8667 /* Money_ManagerApp.swift in Sources */ = {isa = PBXBuildFile; fileRef = C574FE622631BE9400AA8667 /* Money_ManagerApp.swift */; };
		C574FE652631BE9400AA8667 /* ContentView.swift in Sources */ = {isa = PBXBuildFile; fileRef = C574FE642631BE9400AA8667 /* ContentView.swift */; };
		C574FE672631BE9600AA8667 /* Assets.xcassets in Resources */ = {isa = PBXBuildFile; fileRef = C574FE662631BE9600AA8667 /* Assets.xcassets */; };
		C574FE6A2631BE9600AA8667 /* Preview Assets.xcassets in Resources */ = {isa = PBXBuildFile; fileRef = C574FE692631BE9600AA8667 /* Preview Assets.xcassets */; };
		C5E610C526344EA8006351CE /* navigationButton.swift in Sources */ = {isa = PBXBuildFile; fileRef = C5E610C426344EA8006351CE /* navigationButton.swift */; };
		C5E610C92634525D006351CE /* addEntryView.swift in Sources */ = {isa = PBXBuildFile; fileRef = C5E610C82634525D006351CE /* addEntryView.swift */; };
/* End PBXBuildFile section */

/* Begin PBXFileReference section */
		C574FE5F2631BE9400AA8667 /* Money Manager.app */ = {isa = PBXFileReference; explicitFileType = wrapper.application; includeInIndex = 0; path = "Money Manager.app"; sourceTree = BUILT_PRODUCTS_DIR; };
		C574FE622631BE9400AA8667 /* Money_ManagerApp.swift */ = {isa = PBXFileReference; lastKnownFileType = sourcecode.swift; path = Money_ManagerApp.swift; sourceTree = "<group>"; };
		C574FE642631BE9400AA8667 /* ContentView.swift */ = {isa = PBXFileReference; lastKnownFileType = sourcecode.swift; path = ContentView.swift; sourceTree = "<group>"; };
		C574FE662631BE9600AA8667 /* Assets.xcassets */ = {isa = PBXFileReference; lastKnownFileType = folder.assetcatalog; path = Assets.xcassets; sourceTree = "<group>"; };
		C574FE692631BE9600AA8667 /* Preview Assets.xcassets */ = {isa = PBXFileReference; lastKnownFileType = folder.assetcatalog; path = "Preview Assets.xcassets"; sourceTree = "<group>"; };
		C574FE6B2631BE9600AA8667 /* Info.plist */ = {isa = PBXFileReference; lastKnownFileType = text.plist.xml; path = Info.plist; sourceTree = "<group>"; };
		C5E610C426344EA8006351CE /* navigationButton.swift */ = {isa = PBXFileReference; lastKnownFileType = sourcecode.swift; path = navigationButton.swift; sourceTree = "<group>"; };
		C5E610C82634525D006351CE /* addEntryView.swift */ = {isa = PBXFileReference; lastKnownFileType = sourcecode.swift; path = addEntryView.swift; sourceTree = "<group>"; };
/* End PBXFileReference section */

/* Begin PBXFrameworksBuildPhase section */
		C574FE5C2631BE9400AA8667 /* Frameworks */ = {
			isa = PBXFrameworksBuildPhase;
			buildActionMask = 2147483647;
			files = (
			);
			runOnlyForDeploymentPostprocessing = 0;
		};
/* End PBXFrameworksBuildPhase section */

/* Begin PBXGroup section */
		C574FE562631BE9400AA8667 = {
			isa = PBXGroup;
			children = (
				C574FE612631BE9400AA8667 /* Money Manager */,
				C574FE602631BE9400AA8667 /* Products */,
			);
			sourceTree = "<group>";
		};
		C574FE602631BE9400AA8667 /* Products */ = {
			isa = PBXGroup;
			children = (
				C574FE5F2631BE9400AA8667 /* Money Manager.app */,
			);
			name = Products;
			sourceTree = "<group>";
		};
		C574FE612631BE9400AA8667 /* Money Manager */ = {
			isa = PBXGroup;
			children = (
				C5E610C426344EA8006351CE /* navigationButton.swift */,
				C574FE622631BE9400AA8667 /* Money_ManagerApp.swift */,
				C574FE642631BE9400AA8667 /* ContentView.swift */,
				C5E610C82634525D006351CE /* addEntryView.swift */,
				C574FE662631BE9600AA8667 /* Assets.xcassets */,
				C574FE6B2631BE9600AA8667 /* Info.plist */,
				C574FE682631BE9600AA8667 /* Preview Content */,
			);
			path = "Money Manager";
			sourceTree = "<group>";
		};
		C574FE682631BE9600AA8667 /* Preview Content */ = {
			isa = PBXGroup;
			children = (
				C574FE692631BE9600AA8667 /* Preview Assets.xcassets */,
			);
			path = "Preview Content";
			sourceTree = "<group>";
		};
/* End PBXGroup section */

/* Begin PBXNativeTarget section */
		C574FE5E2631BE9400AA8667 /* Money Manager */ = {
			isa = PBXNativeTarget;
			buildConfigurationList = C574FE6E2631BE9600AA8667 /* Build configuration list for PBXNativeTarget "Money Manager" */;
			buildPhases = (
				C574FE5B2631BE9400AA8667 /* Sources */,
				C574FE5C2631BE9400AA8667 /* Frameworks */,
				C574FE5D2631BE9400AA8667 /* Resources */,
			);
			buildRules = (
			);
			dependencies = (
			);
			name = "Money Manager";
			productName = "Money Manager";
			productReference = C574FE5F2631BE9400AA8667 /* Money Manager.app */;
			productType = "com.apple.product-type.application";
		};
/* End PBXNativeTarget section */

/* Begin PBXProject section */
		C574FE572631BE9400AA8667 /* Project object */ = {
			isa = PBXProject;
			attributes = {
				LastSwiftUpdateCheck = 1240;
				LastUpgradeCheck = 1240;
				TargetAttributes = {
					C574FE5E2631BE9400AA8667 = {
						CreatedOnToolsVersion = 12.4;
					};
				};
			};
			buildConfigurationList = C574FE5A2631BE9400AA8667 /* Build configuration list for PBXProject "Money Manager" */;
			compatibilityVersion = "Xcode 9.3";
			developmentRegion = en;
			hasScannedForEncodings = 0;
			knownRegions = (
				en,
				Base,
			);
			mainGroup = C574FE562631BE9400AA8667;
			productRefGroup = C574FE602631BE9400AA8667 /* Products */;
			projectDirPath = "";
			projectRoot = "";
			targets = (
				C574FE5E2631BE9400AA8667 /* Money Manager */,
			);
		};
/* End PBXProject section */

/* Begin PBXResourcesBuildPhase section */
		C574FE5D2631BE9400AA8667 /* Resources */ = {
			isa = PBXResourcesBuildPhase;
			buildActionMask = 2147483647;
			files = (
				C574FE6A2631BE9600AA8667 /* Preview Assets.xcassets in Resources */,
				C574FE672631BE9600AA8667 /* Assets.xcassets in Resources */,
			);
			runOnlyForDeploymentPostprocessing = 0;
		};
/* End PBXResourcesBuildPhase section */

/* Begin PBXSourcesBuildPhase section */
		C574FE5B2631BE9400AA8667 /* Sources */ = {
			isa = PBXSourcesBuildPhase;
			buildActionMask = 2147483647;
			files = (
				C574FE652631BE9400AA8667 /* ContentView.swift in Sources */,
				C574FE632631BE9400AA8667 /* Money_ManagerApp.swift in Sources */,
				C5E610C526344EA8006351CE /* navigationButton.swift in Sources */,
				C5E610C92634525D006351CE /* addEntryView.swift in Sources */,
			);
			runOnlyForDeploymentPostprocessing = 0;
		};
/* End PBXSourcesBuildPhase section */

/* Begin XCBuildConfiguration section */
		C574FE6C2631BE9600AA8667 /* Debug */ = {
			isa = XCBuildConfiguration;
			buildSettings = {
				ALWAYS_SEARCH_USER_PATHS = NO;
				CLANG_ANALYZER_NONNULL = YES;
				CLANG_ANALYZER_NUMBER_OBJECT_CONVERSION = YES_AGGRESSIVE;
				CLANG_CXX_LANGUAGE_STANDARD = "gnu++14";
				CLANG_CXX_LIBRARY = "libc++";
				CLANG_ENABLE_MODULES = YES;
				CLANG_ENABLE_OBJC_ARC = YES;
				CLANG_ENABLE_OBJC_WEAK = YES;
				CLANG_WARN_BLOCK_CAPTURE_AUTORELEASING = YES;
				CLANG_WARN_BOOL_CONVERSION = YES;
				CLANG_WARN_COMMA = YES;
				CLANG_WARN_CONSTANT_CONVERSION = YES;
				CLANG_WARN_DEPRECATED_OBJC_IMPLEMENTATIONS = YES;
				CLANG_WARN_DIRECT_OBJC_ISA_USAGE = YES_ERROR;
				CLANG_WARN_DOCUMENTATION_COMMENTS = YES;
				CLANG_WARN_EMPTY_BODY = YES;
				CLANG_WARN_ENUM_CONVERSION = YES;
				CLANG_WARN_INFINITE_RECURSION = YES;
				CLANG_WARN_INT_CONVERSION = YES;
				CLANG_WARN_NON_LITERAL_NULL_CONVERSION = YES;
				CLANG_WARN_OBJC_IMPLICIT_RETAIN_SELF = YES;
				CLANG_WARN_OBJC_LITERAL_CONVERSION = YES;
				CLANG_WARN_OBJC_ROOT_CLASS = YES_ERROR;
				CLANG_WARN_QUOTED_INCLUDE_IN_FRAMEWORK_HEADER = YES;
				CLANG_WARN_RANGE_LOOP_ANALYSIS = YES;
				CLANG_WARN_STRICT_PROTOTYPES = YES;
				CLANG_WARN_SUSPICIOUS_MOVE = YES;
				CLANG_WARN_UNGUARDED_AVAILABILITY = YES_AGGRESSIVE;
				CLANG_WARN_UNREACHABLE_CODE = YES;
				CLANG_WARN__DUPLICATE_METHOD_MATCH = YES;
				COPY_PHASE_STRIP = NO;
				DEBUG_INFORMATION_FORMAT = dwarf;
				ENABLE_STRICT_OBJC_MSGSEND = YES;
				ENABLE_TESTABILITY = YES;
				GCC_C_LANGUAGE_STANDARD = gnu11;
				GCC_DYNAMIC_NO_PIC = NO;
				GCC_NO_COMMON_BLOCKS = YES;
				GCC_OPTIMIZATION_LEVEL = 0;
				GCC_PREPROCESSOR_DEFINITIONS = (
					"DEBUG=1",
					"$(inherited)",
				);
				GCC_WARN_64_TO_32_BIT_CONVERSION = YES;
				GCC_WARN_ABOUT_RETURN_TYPE = YES_ERROR;
				GCC_WARN_UNDECLARED_SELECTOR = YES;
				GCC_WARN_UNINITIALIZED_AUTOS = YES_AGGRESSIVE;
				GCC_WARN_UNUSED_FUNCTION = YES;
				GCC_WARN_UNUSED_VARIABLE = YES;
				IPHONEOS_DEPLOYMENT_TARGET = 14.4;
				MTL_ENABLE_DEBUG_INFO = INCLUDE_SOURCE;
				MTL_FAST_MATH = YES;
				ONLY_ACTIVE_ARCH = YES;
				SDKROOT = iphoneos;
				SWIFT_ACTIVE_COMPILATION_CONDITIONS = DEBUG;
				SWIFT_OPTIMIZATION_LEVEL = "-Onone";
			};
			name = Debug;
		};
		C574FE6D2631BE9600AA8667 /* Release */ = {
			isa = XCBuildConfiguration;
			buildSettings = {
				ALWAYS_SEARCH_USER_PATHS = NO;
				CLANG_ANALYZER_NONNULL = YES;
				CLANG_ANALYZER_NUMBER_OBJECT_CONVERSION = YES_AGGRESSIVE;
				CLANG_CXX_LANGUAGE_STANDARD = "gnu++14";
				CLANG_CXX_LIBRARY = "libc++";
				CLANG_ENABLE_MODULES = YES;
				CLANG_ENABLE_OBJC_ARC = YES;
				CLANG_ENABLE_OBJC_WEAK = YES;
				CLANG_WARN_BLOCK_CAPTURE_AUTORELEASING = YES;
				CLANG_WARN_BOOL_CONVERSION = YES;
				CLANG_WARN_COMMA = YES;
				CLANG_WARN_CONSTANT_CONVERSION = YES;
				CLANG_WARN_DEPRECATED_OBJC_IMPLEMENTATIONS = YES;
				CLANG_WARN_DIRECT_OBJC_ISA_USAGE = YES_ERROR;
				CLANG_WARN_DOCUMENTATION_COMMENTS = YES;
				CLANG_WARN_EMPTY_BODY = YES;
				CLANG_WARN_ENUM_CONVERSION = YES;
				CLANG_WARN_INFINITE_RECURSION = YES;
				CLANG_WARN_INT_CONVERSION = YES;
				CLANG_WARN_NON_LITERAL_NULL_CONVERSION = YES;
				CLANG_WARN_OBJC_IMPLICIT_RETAIN_SELF = YES;
				CLANG_WARN_OBJC_LITERAL_CONVERSION = YES;
				CLANG_WARN_OBJC_ROOT_CLASS = YES_ERROR;
				CLANG_WARN_QUOTED_INCLUDE_IN_FRAMEWORK_HEADER = YES;
				CLANG_WARN_RANGE_LOOP_ANALYSIS = YES;
				CLANG_WARN_STRICT_PROTOTYPES = YES;
				CLANG_WARN_SUSPICIOUS_MOVE = YES;
				CLANG_WARN_UNGUARDED_AVAILABILITY = YES_AGGRESSIVE;
				CLANG_WARN_UNREACHABLE_CODE = YES;
				CLANG_WARN__DUPLICATE_METHOD_MATCH = YES;
				COPY_PHASE_STRIP = NO;
				DEBUG_INFORMATION_FORMAT = "dwarf-with-dsym";
				ENABLE_NS_ASSERTIONS = NO;
				ENABLE_STRICT_OBJC_MSGSEND = YES;
				GCC_C_LANGUAGE_STANDARD = gnu11;
				GCC_NO_COMMON_BLOCKS = YES;
				GCC_WARN_64_TO_32_BIT_CONVERSION = YES;
				GCC_WARN_ABOUT_RETURN_TYPE = YES_ERROR;
				GCC_WARN_UNDECLARED_SELECTOR = YES;
				GCC_WARN_UNINITIALIZED_AUTOS = YES_AGGRESSIVE;
				GCC_WARN_UNUSED_FUNCTION = YES;
				GCC_WARN_UNUSED_VARIABLE = YES;
				IPHONEOS_DEPLOYMENT_TARGET = 14.4;
				MTL_ENABLE_DEBUG_INFO = NO;
				MTL_FAST_MATH = YES;
				SDKROOT = iphoneos;
				SWIFT_COMPILATION_MODE = wholemodule;
				SWIFT_OPTIMIZATION_LEVEL = "-O";
				VALIDATE_PRODUCT = YES;
			};
			name = Release;
		};
		C574FE6F2631BE9600AA8667 /* Debug */ = {
			isa = XCBuildConfiguration;
			buildSettings = {
				ASSETCATALOG_COMPILER_APPICON_NAME = AppIcon;
				ASSETCATALOG_COMPILER_GLOBAL_ACCENT_COLOR_NAME = AccentColor;
				CODE_SIGN_STYLE = Automatic;
				DEVELOPMENT_ASSET_PATHS = "\"Money Manager/Preview Content\"";
				DEVELOPMENT_TEAM = R3T96BWV9W;
				ENABLE_PREVIEWS = YES;
				INFOPLIST_FILE = "Money Manager/Info.plist";
				IPHONEOS_DEPLOYMENT_TARGET = 14.0;
				LD_RUNPATH_SEARCH_PATHS = (
					"$(inherited)",
					"@executable_path/Frameworks",
				);
				PRODUCT_BUNDLE_IDENTIFIER = "BenjaminBauten.Money-Manager";
				PRODUCT_NAME = "$(TARGET_NAME)";
				SWIFT_VERSION = 5.0;
				TARGETED_DEVICE_FAMILY = "1,2";
			};
			name = Debug;
		};
		C574FE702631BE9600AA8667 /* Release */ = {
			isa = XCBuildConfiguration;
			buildSettings = {
				ASSETCATALOG_COMPILER_APPICON_NAME = AppIcon;
				ASSETCATALOG_COMPILER_GLOBAL_ACCENT_COLOR_NAME = AccentColor;
				CODE_SIGN_STYLE = Automatic;
				DEVELOPMENT_ASSET_PATHS = "\"Money Manager/Preview Content\"";
				DEVELOPMENT_TEAM = R3T96BWV9W;
				ENABLE_PREVIEWS = YES;
				INFOPLIST_FILE = "Money Manager/Info.plist";
				IPHONEOS_DEPLOYMENT_TARGET = 14.0;
				LD_RUNPATH_SEARCH_PATHS = (
					"$(inherited)",
					"@executable_path/Frameworks",
				);
				PRODUCT_BUNDLE_IDENTIFIER = "BenjaminBauten.Money-Manager";
				PRODUCT_NAME = "$(TARGET_NAME)";
				SWIFT_VERSION = 5.0;
				TARGETED_DEVICE_FAMILY = "1,2";
			};
			name = Release;
		};
/* End XCBuildConfiguration section */

/* Begin XCConfigurationList section */
		C574FE5A2631BE9400AA8667 /* Build configuration list for PBXProject "Money Manager" */ = {
			isa = XCConfigurationList;
			buildConfigurations = (
				C574FE6C2631BE9600AA8667 /* Debug */,
				C574FE6D2631BE9600AA8667 /* Release */,
			);
			defaultConfigurationIsVisible = 0;
			defaultConfigurationName = Release;
		};
		C574FE6E2631BE9600AA8667 /* Build configuration list for PBXNativeTarget "Money Manager" */ = {
			isa = XCConfigurationList;
			buildConfigurations = (
				C574FE6F2631BE9600AA8667 /* Debug */,
				C574FE702631BE9600AA8667 /* Release */,
			);
			defaultConfigurationIsVisible = 0;
			defaultConfigurationName = Release;
		};
/* End XCConfigurationList section */
	};
	rootObject = C574FE572631BE9400AA8667 /* Project object */;
}
