// !$*UTF8*$!
{
	archiveVersion = 1;
	classes = {
	};
	objectVersion = 50;
	objects = {

/* Begin PBXBuildFile section */
		10C68E6487E0FAEF71187D54 /* Pods_SwiftUI_Weather.framework in Frameworks */ = {isa = PBXBuildFile; fileRef = 95680586EB578E7D1071AAEB /* Pods_SwiftUI_Weather.framework */; };
		C58E62F925E44EB500874A6B /* SwiftUI_WeatherApp.swift in Sources */ = {isa = PBXBuildFile; fileRef = C58E62F825E44EB500874A6B /* SwiftUI_WeatherApp.swift */; };
		C58E62FB25E44EB500874A6B /* ContentView.swift in Sources */ = {isa = PBXBuildFile; fileRef = C58E62FA25E44EB500874A6B /* ContentView.swift */; };
		C58E62FD25E44EB700874A6B /* Assets.xcassets in Resources */ = {isa = PBXBuildFile; fileRef = C58E62FC25E44EB700874A6B /* Assets.xcassets */; };
		C58E630025E44EB700874A6B /* Preview Assets.xcassets in Resources */ = {isa = PBXBuildFile; fileRef = C58E62FF25E44EB700874A6B /* Preview Assets.xcassets */; };
		C5DABC9E25E8179700C4D559 /* WeatherButton.swift in Sources */ = {isa = PBXBuildFile; fileRef = C5DABC9D25E8179700C4D559 /* WeatherButton.swift */; };
/* End PBXBuildFile section */

/* Begin PBXFileReference section */
		32225CDF044B15CD5AFC2353 /* Pods-SwiftUI-Weather.release.xcconfig */ = {isa = PBXFileReference; includeInIndex = 1; lastKnownFileType = text.xcconfig; name = "Pods-SwiftUI-Weather.release.xcconfig"; path = "Target Support Files/Pods-SwiftUI-Weather/Pods-SwiftUI-Weather.release.xcconfig"; sourceTree = "<group>"; };
		95680586EB578E7D1071AAEB /* Pods_SwiftUI_Weather.framework */ = {isa = PBXFileReference; explicitFileType = wrapper.framework; includeInIndex = 0; path = Pods_SwiftUI_Weather.framework; sourceTree = BUILT_PRODUCTS_DIR; };
		C58E62F525E44EB500874A6B /* SwiftUI-Weather.app */ = {isa = PBXFileReference; explicitFileType = wrapper.application; includeInIndex = 0; path = "SwiftUI-Weather.app"; sourceTree = BUILT_PRODUCTS_DIR; };
		C58E62F825E44EB500874A6B /* SwiftUI_WeatherApp.swift */ = {isa = PBXFileReference; lastKnownFileType = sourcecode.swift; path = SwiftUI_WeatherApp.swift; sourceTree = "<group>"; };
		C58E62FA25E44EB500874A6B /* ContentView.swift */ = {isa = PBXFileReference; lastKnownFileType = sourcecode.swift; path = ContentView.swift; sourceTree = "<group>"; };
		C58E62FC25E44EB700874A6B /* Assets.xcassets */ = {isa = PBXFileReference; lastKnownFileType = folder.assetcatalog; path = Assets.xcassets; sourceTree = "<group>"; };
		C58E62FF25E44EB700874A6B /* Preview Assets.xcassets */ = {isa = PBXFileReference; lastKnownFileType = folder.assetcatalog; path = "Preview Assets.xcassets"; sourceTree = "<group>"; };
		C58E630125E44EB700874A6B /* Info.plist */ = {isa = PBXFileReference; lastKnownFileType = text.plist.xml; path = Info.plist; sourceTree = "<group>"; };
		C5DABC9D25E8179700C4D559 /* WeatherButton.swift */ = {isa = PBXFileReference; lastKnownFileType = sourcecode.swift; path = WeatherButton.swift; sourceTree = "<group>"; };
		FEF5A28A1D0D761414A8CBCD /* Pods-SwiftUI-Weather.debug.xcconfig */ = {isa = PBXFileReference; includeInIndex = 1; lastKnownFileType = text.xcconfig; name = "Pods-SwiftUI-Weather.debug.xcconfig"; path = "Target Support Files/Pods-SwiftUI-Weather/Pods-SwiftUI-Weather.debug.xcconfig"; sourceTree = "<group>"; };
/* End PBXFileReference section */

/* Begin PBXFrameworksBuildPhase section */
		C58E62F225E44EB500874A6B /* Frameworks */ = {
			isa = PBXFrameworksBuildPhase;
			buildActionMask = 2147483647;
			files = (
				10C68E6487E0FAEF71187D54 /* Pods_SwiftUI_Weather.framework in Frameworks */,
			);
			runOnlyForDeploymentPostprocessing = 0;
		};
/* End PBXFrameworksBuildPhase section */

/* Begin PBXGroup section */
		4B87190181B302E2F8B2CB6C /* Pods */ = {
			isa = PBXGroup;
			children = (
				FEF5A28A1D0D761414A8CBCD /* Pods-SwiftUI-Weather.debug.xcconfig */,
				32225CDF044B15CD5AFC2353 /* Pods-SwiftUI-Weather.release.xcconfig */,
			);
			name = Pods;
			path = Pods;
			sourceTree = "<group>";
		};
		8545F48F02D02DC1AFA9E45A /* Frameworks */ = {
			isa = PBXGroup;
			children = (
				95680586EB578E7D1071AAEB /* Pods_SwiftUI_Weather.framework */,
			);
			name = Frameworks;
			sourceTree = "<group>";
		};
		C58E62EC25E44EB500874A6B = {
			isa = PBXGroup;
			children = (
				C58E62F725E44EB500874A6B /* SwiftUI-Weather */,
				C58E62F625E44EB500874A6B /* Products */,
				4B87190181B302E2F8B2CB6C /* Pods */,
				8545F48F02D02DC1AFA9E45A /* Frameworks */,
			);
			sourceTree = "<group>";
		};
		C58E62F625E44EB500874A6B /* Products */ = {
			isa = PBXGroup;
			children = (
				C58E62F525E44EB500874A6B /* SwiftUI-Weather.app */,
			);
			name = Products;
			sourceTree = "<group>";
		};
		C58E62F725E44EB500874A6B /* SwiftUI-Weather */ = {
			isa = PBXGroup;
			children = (
				C5DABC9D25E8179700C4D559 /* WeatherButton.swift */,
				C58E62F825E44EB500874A6B /* SwiftUI_WeatherApp.swift */,
				C58E62FA25E44EB500874A6B /* ContentView.swift */,
				C58E62FC25E44EB700874A6B /* Assets.xcassets */,
				C58E630125E44EB700874A6B /* Info.plist */,
				C58E62FE25E44EB700874A6B /* Preview Content */,
			);
			path = "SwiftUI-Weather";
			sourceTree = "<group>";
		};
		C58E62FE25E44EB700874A6B /* Preview Content */ = {
			isa = PBXGroup;
			children = (
				C58E62FF25E44EB700874A6B /* Preview Assets.xcassets */,
			);
			path = "Preview Content";
			sourceTree = "<group>";
		};
/* End PBXGroup section */

/* Begin PBXNativeTarget section */
		C58E62F425E44EB500874A6B /* SwiftUI-Weather */ = {
			isa = PBXNativeTarget;
			buildConfigurationList = C58E630425E44EB700874A6B /* Build configuration list for PBXNativeTarget "SwiftUI-Weather" */;
			buildPhases = (
				B2DC4E46AF917F06EFA32A32 /* [CP] Check Pods Manifest.lock */,
				C58E62F125E44EB500874A6B /* Sources */,
				C58E62F225E44EB500874A6B /* Frameworks */,
				C58E62F325E44EB500874A6B /* Resources */,
				85973CB2D030CE229A9C571A /* [CP] Embed Pods Frameworks */,
			);
			buildRules = (
			);
			dependencies = (
			);
			name = "SwiftUI-Weather";
			productName = "SwiftUI-Weather";
			productReference = C58E62F525E44EB500874A6B /* SwiftUI-Weather.app */;
			productType = "com.apple.product-type.application";
		};
/* End PBXNativeTarget section */

/* Begin PBXProject section */
		C58E62ED25E44EB500874A6B /* Project object */ = {
			isa = PBXProject;
			attributes = {
				LastSwiftUpdateCheck = 1240;
				LastUpgradeCheck = 1240;
				TargetAttributes = {
					C58E62F425E44EB500874A6B = {
						CreatedOnToolsVersion = 12.4;
					};
				};
			};
			buildConfigurationList = C58E62F025E44EB500874A6B /* Build configuration list for PBXProject "SwiftUI-Weather" */;
			compatibilityVersion = "Xcode 9.3";
			developmentRegion = en;
			hasScannedForEncodings = 0;
			knownRegions = (
				en,
				Base,
			);
			mainGroup = C58E62EC25E44EB500874A6B;
			productRefGroup = C58E62F625E44EB500874A6B /* Products */;
			projectDirPath = "";
			projectRoot = "";
			targets = (
				C58E62F425E44EB500874A6B /* SwiftUI-Weather */,
			);
		};
/* End PBXProject section */

/* Begin PBXResourcesBuildPhase section */
		C58E62F325E44EB500874A6B /* Resources */ = {
			isa = PBXResourcesBuildPhase;
			buildActionMask = 2147483647;
			files = (
				C58E630025E44EB700874A6B /* Preview Assets.xcassets in Resources */,
				C58E62FD25E44EB700874A6B /* Assets.xcassets in Resources */,
			);
			runOnlyForDeploymentPostprocessing = 0;
		};
/* End PBXResourcesBuildPhase section */

/* Begin PBXShellScriptBuildPhase section */
		85973CB2D030CE229A9C571A /* [CP] Embed Pods Frameworks */ = {
			isa = PBXShellScriptBuildPhase;
			buildActionMask = 2147483647;
			files = (
			);
			inputFileListPaths = (
				"${PODS_ROOT}/Target Support Files/Pods-SwiftUI-Weather/Pods-SwiftUI-Weather-frameworks-${CONFIGURATION}-input-files.xcfilelist",
			);
			name = "[CP] Embed Pods Frameworks";
			outputFileListPaths = (
				"${PODS_ROOT}/Target Support Files/Pods-SwiftUI-Weather/Pods-SwiftUI-Weather-frameworks-${CONFIGURATION}-output-files.xcfilelist",
			);
			runOnlyForDeploymentPostprocessing = 0;
			shellPath = /bin/sh;
			shellScript = "\"${PODS_ROOT}/Target Support Files/Pods-SwiftUI-Weather/Pods-SwiftUI-Weather-frameworks.sh\"\n";
			showEnvVarsInLog = 0;
		};
		B2DC4E46AF917F06EFA32A32 /* [CP] Check Pods Manifest.lock */ = {
			isa = PBXShellScriptBuildPhase;
			buildActionMask = 2147483647;
			files = (
			);
			inputFileListPaths = (
			);
			inputPaths = (
				"${PODS_PODFILE_DIR_PATH}/Podfile.lock",
				"${PODS_ROOT}/Manifest.lock",
			);
			name = "[CP] Check Pods Manifest.lock";
			outputFileListPaths = (
			);
			outputPaths = (
				"$(DERIVED_FILE_DIR)/Pods-SwiftUI-Weather-checkManifestLockResult.txt",
			);
			runOnlyForDeploymentPostprocessing = 0;
			shellPath = /bin/sh;
			shellScript = "diff \"${PODS_PODFILE_DIR_PATH}/Podfile.lock\" \"${PODS_ROOT}/Manifest.lock\" > /dev/null\nif [ $? != 0 ] ; then\n    # print error to STDERR\n    echo \"error: The sandbox is not in sync with the Podfile.lock. Run 'pod install' or update your CocoaPods installation.\" >&2\n    exit 1\nfi\n# This output is used by Xcode 'outputs' to avoid re-running this script phase.\necho \"SUCCESS\" > \"${SCRIPT_OUTPUT_FILE_0}\"\n";
			showEnvVarsInLog = 0;
		};
/* End PBXShellScriptBuildPhase section */

/* Begin PBXSourcesBuildPhase section */
		C58E62F125E44EB500874A6B /* Sources */ = {
			isa = PBXSourcesBuildPhase;
			buildActionMask = 2147483647;
			files = (
				C58E62FB25E44EB500874A6B /* ContentView.swift in Sources */,
				C58E62F925E44EB500874A6B /* SwiftUI_WeatherApp.swift in Sources */,
				C5DABC9E25E8179700C4D559 /* WeatherButton.swift in Sources */,
			);
			runOnlyForDeploymentPostprocessing = 0;
		};
/* End PBXSourcesBuildPhase section */

/* Begin XCBuildConfiguration section */
		C58E630225E44EB700874A6B /* Debug */ = {
			isa = XCBuildConfiguration;
			buildSettings = {
				ALWAYS_SEARCH_USER_PATHS = NO;
				CLANG_ANALYZER_NONNULL = YES;
				CLANG_ANALYZER_NUMBER_OBJECT_CONVERSION = YES_AGGRESSIVE;
				CLANG_CXX_LANGUAGE_STANDARD = "gnu++14";
				CLANG_CXX_LIBRARY = "libc++";
				CLANG_ENABLE_MODULES = YES;
				CLANG_ENABLE_OBJC_ARC = YES;
				CLANG_ENABLE_OBJC_WEAK = YES;
				CLANG_WARN_BLOCK_CAPTURE_AUTORELEASING = YES;
				CLANG_WARN_BOOL_CONVERSION = YES;
				CLANG_WARN_COMMA = YES;
				CLANG_WARN_CONSTANT_CONVERSION = YES;
				CLANG_WARN_DEPRECATED_OBJC_IMPLEMENTATIONS = YES;
				CLANG_WARN_DIRECT_OBJC_ISA_USAGE = YES_ERROR;
				CLANG_WARN_DOCUMENTATION_COMMENTS = YES;
				CLANG_WARN_EMPTY_BODY = YES;
				CLANG_WARN_ENUM_CONVERSION = YES;
				CLANG_WARN_INFINITE_RECURSION = YES;
				CLANG_WARN_INT_CONVERSION = YES;
				CLANG_WARN_NON_LITERAL_NULL_CONVERSION = YES;
				CLANG_WARN_OBJC_IMPLICIT_RETAIN_SELF = YES;
				CLANG_WARN_OBJC_LITERAL_CONVERSION = YES;
				CLANG_WARN_OBJC_ROOT_CLASS = YES_ERROR;
				CLANG_WARN_QUOTED_INCLUDE_IN_FRAMEWORK_HEADER = YES;
				CLANG_WARN_RANGE_LOOP_ANALYSIS = YES;
				CLANG_WARN_STRICT_PROTOTYPES = YES;
				CLANG_WARN_SUSPICIOUS_MOVE = YES;
				CLANG_WARN_UNGUARDED_AVAILABILITY = YES_AGGRESSIVE;
				CLANG_WARN_UNREACHABLE_CODE = YES;
				CLANG_WARN__DUPLICATE_METHOD_MATCH = YES;
				COPY_PHASE_STRIP = NO;
				DEBUG_INFORMATION_FORMAT = dwarf;
				ENABLE_STRICT_OBJC_MSGSEND = YES;
				ENABLE_TESTABILITY = YES;
				GCC_C_LANGUAGE_STANDARD = gnu11;
				GCC_DYNAMIC_NO_PIC = NO;
				GCC_NO_COMMON_BLOCKS = YES;
				GCC_OPTIMIZATION_LEVEL = 0;
				GCC_PREPROCESSOR_DEFINITIONS = (
					"DEBUG=1",
					"$(inherited)",
				);
				GCC_WARN_64_TO_32_BIT_CONVERSION = YES;
				GCC_WARN_ABOUT_RETURN_TYPE = YES_ERROR;
				GCC_WARN_UNDECLARED_SELECTOR = YES;
				GCC_WARN_UNINITIALIZED_AUTOS = YES_AGGRESSIVE;
				GCC_WARN_UNUSED_FUNCTION = YES;
				GCC_WARN_UNUSED_VARIABLE = YES;
				IPHONEOS_DEPLOYMENT_TARGET = 14.4;
				MTL_ENABLE_DEBUG_INFO = INCLUDE_SOURCE;
				MTL_FAST_MATH = YES;
				ONLY_ACTIVE_ARCH = YES;
				SDKROOT = iphoneos;
				SWIFT_ACTIVE_COMPILATION_CONDITIONS = DEBUG;
				SWIFT_OPTIMIZATION_LEVEL = "-Onone";
			};
			name = Debug;
		};
		C58E630325E44EB700874A6B /* Release */ = {
			isa = XCBuildConfiguration;
			buildSettings = {
				ALWAYS_SEARCH_USER_PATHS = NO;
				CLANG_ANALYZER_NONNULL = YES;
				CLANG_ANALYZER_NUMBER_OBJECT_CONVERSION = YES_AGGRESSIVE;
				CLANG_CXX_LANGUAGE_STANDARD = "gnu++14";
				CLANG_CXX_LIBRARY = "libc++";
				CLANG_ENABLE_MODULES = YES;
				CLANG_ENABLE_OBJC_ARC = YES;
				CLANG_ENABLE_OBJC_WEAK = YES;
				CLANG_WARN_BLOCK_CAPTURE_AUTORELEASING = YES;
				CLANG_WARN_BOOL_CONVERSION = YES;
				CLANG_WARN_COMMA = YES;
				CLANG_WARN_CONSTANT_CONVERSION = YES;
				CLANG_WARN_DEPRECATED_OBJC_IMPLEMENTATIONS = YES;
				CLANG_WARN_DIRECT_OBJC_ISA_USAGE = YES_ERROR;
				CLANG_WARN_DOCUMENTATION_COMMENTS = YES;
				CLANG_WARN_EMPTY_BODY = YES;
				CLANG_WARN_ENUM_CONVERSION = YES;
				CLANG_WARN_INFINITE_RECURSION = YES;
				CLANG_WARN_INT_CONVERSION = YES;
				CLANG_WARN_NON_LITERAL_NULL_CONVERSION = YES;
				CLANG_WARN_OBJC_IMPLICIT_RETAIN_SELF = YES;
				CLANG_WARN_OBJC_LITERAL_CONVERSION = YES;
				CLANG_WARN_OBJC_ROOT_CLASS = YES_ERROR;
				CLANG_WARN_QUOTED_INCLUDE_IN_FRAMEWORK_HEADER = YES;
				CLANG_WARN_RANGE_LOOP_ANALYSIS = YES;
				CLANG_WARN_STRICT_PROTOTYPES = YES;
				CLANG_WARN_SUSPICIOUS_MOVE = YES;
				CLANG_WARN_UNGUARDED_AVAILABILITY = YES_AGGRESSIVE;
				CLANG_WARN_UNREACHABLE_CODE = YES;
				CLANG_WARN__DUPLICATE_METHOD_MATCH = YES;
				COPY_PHASE_STRIP = NO;
				DEBUG_INFORMATION_FORMAT = "dwarf-with-dsym";
				ENABLE_NS_ASSERTIONS = NO;
				ENABLE_STRICT_OBJC_MSGSEND = YES;
				GCC_C_LANGUAGE_STANDARD = gnu11;
				GCC_NO_COMMON_BLOCKS = YES;
				GCC_WARN_64_TO_32_BIT_CONVERSION = YES;
				GCC_WARN_ABOUT_RETURN_TYPE = YES_ERROR;
				GCC_WARN_UNDECLARED_SELECTOR = YES;
				GCC_WARN_UNINITIALIZED_AUTOS = YES_AGGRESSIVE;
				GCC_WARN_UNUSED_FUNCTION = YES;
				GCC_WARN_UNUSED_VARIABLE = YES;
				IPHONEOS_DEPLOYMENT_TARGET = 14.4;
				MTL_ENABLE_DEBUG_INFO = NO;
				MTL_FAST_MATH = YES;
				SDKROOT = iphoneos;
				SWIFT_COMPILATION_MODE = wholemodule;
				SWIFT_OPTIMIZATION_LEVEL = "-O";
				VALIDATE_PRODUCT = YES;
			};
			name = Release;
		};
		C58E630525E44EB700874A6B /* Debug */ = {
			isa = XCBuildConfiguration;
			baseConfigurationReference = FEF5A28A1D0D761414A8CBCD /* Pods-SwiftUI-Weather.debug.xcconfig */;
			buildSettings = {
				ASSETCATALOG_COMPILER_APPICON_NAME = AppIcon;
				ASSETCATALOG_COMPILER_GLOBAL_ACCENT_COLOR_NAME = AccentColor;
				CODE_SIGN_STYLE = Automatic;
				DEVELOPMENT_ASSET_PATHS = "\"SwiftUI-Weather/Preview Content\"";
				DEVELOPMENT_TEAM = R3T96BWV9W;
				ENABLE_PREVIEWS = YES;
				INFOPLIST_FILE = "SwiftUI-Weather/Info.plist";
				IPHONEOS_DEPLOYMENT_TARGET = 14.0;
				LD_RUNPATH_SEARCH_PATHS = (
					"$(inherited)",
					"@executable_path/Frameworks",
				);
				PRODUCT_BUNDLE_IDENTIFIER = "BenjaminBauten.SwiftUI-Weather";
				PRODUCT_NAME = "$(TARGET_NAME)";
				SWIFT_VERSION = 5.0;
				TARGETED_DEVICE_FAMILY = "1,2";
			};
			name = Debug;
		};
		C58E630625E44EB700874A6B /* Release */ = {
			isa = XCBuildConfiguration;
			baseConfigurationReference = 32225CDF044B15CD5AFC2353 /* Pods-SwiftUI-Weather.release.xcconfig */;
			buildSettings = {
				ASSETCATALOG_COMPILER_APPICON_NAME = AppIcon;
				ASSETCATALOG_COMPILER_GLOBAL_ACCENT_COLOR_NAME = AccentColor;
				CODE_SIGN_STYLE = Automatic;
				DEVELOPMENT_ASSET_PATHS = "\"SwiftUI-Weather/Preview Content\"";
				DEVELOPMENT_TEAM = R3T96BWV9W;
				ENABLE_PREVIEWS = YES;
				INFOPLIST_FILE = "SwiftUI-Weather/Info.plist";
				IPHONEOS_DEPLOYMENT_TARGET = 14.0;
				LD_RUNPATH_SEARCH_PATHS = (
					"$(inherited)",
					"@executable_path/Frameworks",
				);
				PRODUCT_BUNDLE_IDENTIFIER = "BenjaminBauten.SwiftUI-Weather";
				PRODUCT_NAME = "$(TARGET_NAME)";
				SWIFT_VERSION = 5.0;
				TARGETED_DEVICE_FAMILY = "1,2";
			};
			name = Release;
		};
/* End XCBuildConfiguration section */

/* Begin XCConfigurationList section */
		C58E62F025E44EB500874A6B /* Build configuration list for PBXProject "SwiftUI-Weather" */ = {
			isa = XCConfigurationList;
			buildConfigurations = (
				C58E630225E44EB700874A6B /* Debug */,
				C58E630325E44EB700874A6B /* Release */,
			);
			defaultConfigurationIsVisible = 0;
			defaultConfigurationName = Release;
		};
		C58E630425E44EB700874A6B /* Build configuration list for PBXNativeTarget "SwiftUI-Weather" */ = {
			isa = XCConfigurationList;
			buildConfigurations = (
				C58E630525E44EB700874A6B /* Debug */,
				C58E630625E44EB700874A6B /* Release */,
			);
			defaultConfigurationIsVisible = 0;
			defaultConfigurationName = Release;
		};
/* End XCConfigurationList section */
	};
	rootObject = C58E62ED25E44EB500874A6B /* Project object */;
}
